
Microsoft Visual Studio Solution File, Format Version 12.00
# Visual Studio Version 17
VisualStudioVersion = 17.7.34024.191
MinimumVisualStudioVersion = 10.0.40219.1
Project("{8BC9CEB8-8B4A-11D0-8D11-00A0C91BC942}") = "贪吃蛇text", "贪吃蛇text.vcxproj", "{654C0080-B357-4547-845F-7FCC1F506BD5}"
EndProject
Global
	GlobalSection(SolutionConfigurationPlatforms) = preSolution
		Debug|x64 = Debug|x64
		Debug|x86 = Debug|x86
		Release|x64 = Release|x64
		Release|x86 = Release|x86
	EndGlobalSection
	GlobalSection(ProjectConfigurationPlatforms) = postSolution
		{654C0080-B357-4547-845F-7FCC1F506BD5}.Debug|x64.ActiveCfg = Debug|x64
		{654C0080-B357-4547-845F-7FCC1F506BD5}.Debug|x64.Build.0 = Debug|x64
		{654C0080-B357-4547-845F-7FCC1F506BD5}.Debug|x86.ActiveCfg = Debug|Win32
		{654C0080-B357-4547-845F-7FCC1F506BD5}.Debug|x86.Build.0 = Debug|Win32
		{654C0080-B357-4547-845F-7FCC1F506BD5}.Release|x64.ActiveCfg = Release|x64
		{654C0080-B357-4547-845F-7FCC1F506BD5}.Release|x64.Build.0 = Release|x64
		{654C0080-B357-4547-845F-7FCC1F506BD5}.Release|x86.ActiveCfg = Release|Win32
		{654C0080-B357-4547-845F-7FCC1F506BD5}.Release|x86.Build.0 = Release|Win32
	EndGlobalSection
	GlobalSection(SolutionProperties) = preSolution
		HideSolutionNode = FALSE
	EndGlobalSection
	GlobalSection(ExtensibilityGlobals) = postSolution
		SolutionGuid = {4D97DAC2-E94D-4359-95EA-2B93A7E55D94}
	EndGlobalSection
EndGlobal
